
Microsoft Visual Studio Solution File, Format Version 12.00
Project("{FAE04EC0-301F-11D3-BF4B-00C04F79EFBC}") = "lab4", "lab4\lab4.csproj", "{CD7CCC47-B4BB-4A22-BA6D-51456E6CD770}"
EndProject
Global
	GlobalSection(SolutionConfigurationPlatforms) = preSolution
		Debug|Any CPU = Debug|Any CPU
		Release|Any CPU = Release|Any CPU
	EndGlobalSection
	GlobalSection(ProjectConfigurationPlatforms) = postSolution
		{CD7CCC47-B4BB-4A22-BA6D-51456E6CD770}.Debug|Any CPU.ActiveCfg = Debug|Any CPU
		{CD7CCC47-B4BB-4A22-BA6D-51456E6CD770}.Debug|Any CPU.Build.0 = Debug|Any CPU
		{CD7CCC47-B4BB-4A22-BA6D-51456E6CD770}.Release|Any CPU.ActiveCfg = Release|Any CPU
		{CD7CCC47-B4BB-4A22-BA6D-51456E6CD770}.Release|Any CPU.Build.0 = Release|Any CPU
	EndGlobalSection
EndGlobal
